
Microsoft Visual Studio Solution File, Format Version 12.00
# Visual Studio Version 17
VisualStudioVersion = 17.6.33815.320
MinimumVisualStudioVersion = 10.0.40219.1
Project("{FAE04EC0-301F-11D3-BF4B-00C04F79EFBC}") = "kvalikRamil", "kvalikRamil\kvalikRamil.csproj", "{2134FF90-8756-41E5-B346-8E56A27539C6}"
EndProject
Global
	GlobalSection(SolutionConfigurationPlatforms) = preSolution
		Debug|Any CPU = Debug|Any CPU
		Release|Any CPU = Release|Any CPU
	EndGlobalSection
	GlobalSection(ProjectConfigurationPlatforms) = postSolution
		{2134FF90-8756-41E5-B346-8E56A27539C6}.Debug|Any CPU.ActiveCfg = Debug|Any CPU
		{2134FF90-8756-41E5-B346-8E56A27539C6}.Debug|Any CPU.Build.0 = Debug|Any CPU
		{2134FF90-8756-41E5-B346-8E56A27539C6}.Release|Any CPU.ActiveCfg = Release|Any CPU
		{2134FF90-8756-41E5-B346-8E56A27539C6}.Release|Any CPU.Build.0 = Release|Any CPU
	EndGlobalSection
	GlobalSection(SolutionProperties) = preSolution
		HideSolutionNode = FALSE
	EndGlobalSection
	GlobalSection(ExtensibilityGlobals) = postSolution
		SolutionGuid = {3CB7663F-2D25-4C34-A953-1208C3013924}
	EndGlobalSection
EndGlobal
